{
  "nodes": {
    "flake-compat": {
      "locked": {
        "lastModified": 1748460212,
        "narHash": "sha256-RBUseGlYAKOd8hnKVujiGzpdJoZWj5e3A+Ds2mKsv28=",
        "ref": "refs/heads/main",
        "rev": "88e58d66efad1b3e0edf8633ea0774f7105d37c9",
        "revCount": 86,
        "type": "git",
        "url": "https://git.lix.systems/lix-project/flake-compat.git"
      },
      "original": {
        "type": "git",
        "url": "https://git.lix.systems/lix-project/flake-compat.git"
      }
    },
    "flake-utils": {
      "inputs": {
        "systems": "systems"
      },
      "locked": {
        "lastModified": 1731533236,
        "narHash": "sha256-l0KFg5HjrsfsO/JpG+r7fRrqm12kzFHyUHqHCVpMMbI=",
        "owner": "numtide",
        "repo": "flake-utils",
        "rev": "11707dc2f618dd54ca8739b309ec4fc024de578b",
        "type": "github"
      },
      "original": {
        "owner": "numtide",
        "repo": "flake-utils",
        "type": "github"
      }
    },
    "haumea": {
      "inputs": {
        "nixpkgs": [
          "nixpkgs"
        ]
      },
      "locked": {
        "lastModified": 1685133229,
        "narHash": "sha256-FePm/Gi9PBSNwiDFq3N+DWdfxFq0UKsVVTJS3cQPn94=",
        "owner": "nix-community",
        "repo": "haumea",
        "rev": "34dd58385092a23018748b50f9b23de6266dffc2",
        "type": "github"
      },
      "original": {
        "owner": "nix-community",
        "ref": "v0.2.2",
        "repo": "haumea",
        "type": "github"
      }
    },
    "infuse": {
      "flake": false,
      "locked": {
        "lastModified": 1738726976,
        "narHash": "sha256-N+u3vnK3zyXLUuDj/vr62r9tM7uarhKVCaLHWxjo/YY=",
        "ref": "refs/heads/trunk",
        "rev": "c8fb7397039215e1444c835e36a0da7dc3c743f8",
        "revCount": 48,
        "type": "git",
        "url": "https://codeberg.org/amjoseph/infuse.nix.git"
      },
      "original": {
        "type": "git",
        "url": "https://codeberg.org/amjoseph/infuse.nix.git"
      }
    },
    "nixgl": {
      "inputs": {
        "flake-utils": [
          "flake-utils"
        ],
        "nixpkgs": [
          "nixpkgs"
        ]
      },
      "locked": {
        "lastModified": 1713543440,
        "narHash": "sha256-lnzZQYG0+EXl/6NkGpyIz+FEOc/DSEG57AP1VsdeNrM=",
        "owner": "nix-community",
        "repo": "nixGL",
        "rev": "310f8e49a149e4c9ea52f1adf70cdc768ec53f8a",
        "type": "github"
      },
      "original": {
        "owner": "nix-community",
        "repo": "nixGL",
        "type": "github"
      }
    },
    "nixpkgs": {
      "locked": {
        "lastModified": 1748792178,
        "narHash": "sha256-BHmgfHlCJVNisJShVaEmfDIr/Ip58i/4oFGlD1iK6lk=",
        "owner": "NixOS",
        "repo": "nixpkgs",
        "rev": "5929de975bcf4c7c8d8b5ca65c8cd9ef9e44523e",
        "type": "github"
      },
      "original": {
        "owner": "NixOS",
        "ref": "nixpkgs-unstable",
        "repo": "nixpkgs",
        "type": "github"
      }
    },
    "root": {
      "inputs": {
        "flake-compat": "flake-compat",
        "flake-utils": "flake-utils",
        "haumea": "haumea",
        "infuse": "infuse",
        "nixgl": "nixgl",
        "nixpkgs": "nixpkgs",
        "yants": "yants"
      }
    },
    "systems": {
      "locked": {
        "lastModified": 1681028828,
        "narHash": "sha256-Vy1rq5AaRuLzOxct8nz4T6wlgyUR7zLU309k9mBC768=",
        "owner": "nix-systems",
        "repo": "default",
        "rev": "da67096a3b9bf56a91d16901293e51ba5b49a27e",
        "type": "github"
      },
      "original": {
        "owner": "nix-systems",
        "repo": "default",
        "type": "github"
      }
    },
    "yants": {
      "flake": false,
      "locked": {
        "lastModified": 1645270620,
        "narHash": "sha256-wwkl3K200UbW9Z7BRlVH8HOEXCaVYP2MqZpsF9EhgZg=",
        "ref": "refs/heads/canon",
        "rev": "efeb6dc11eb1a1e88d41dc2093fc5aa31f7abd35",
        "revCount": 15,
        "type": "git",
        "url": "https://code.tvl.fyi/depot.git:/nix/yants.git"
      },
      "original": {
        "type": "git",
        "url": "https://code.tvl.fyi/depot.git:/nix/yants.git"
      }
    }
  },
  "root": "root",
  "version": 7
}
